
Microsoft Visual Studio Solution File, Format Version 12.00
# Visual Studio Version 17
VisualStudioVersion = 17.12.35707.178
MinimumVisualStudioVersion = 10.0.40219.1
Project("{2150E333-8FDC-42A3-9474-1A3956D46DE8}") = "Frontend", "Frontend", "{D001113A-6532-498B-97B9-19454543AD11}"
EndProject
Project("{2150E333-8FDC-42A3-9474-1A3956D46DE8}") = "Gateway", "Gateway", "{01B7B178-D079-4FE7-86CA-6992A1BB1AB6}"
EndProject
Project("{2150E333-8FDC-42A3-9474-1A3956D46DE8}") = "Integration", "Integration", "{99653FC2-667A-4B90-A053-FB4C92E2D219}"
EndProject
Project("{2150E333-8FDC-42A3-9474-1A3956D46DE8}") = "Services", "Services", "{BE18AEFC-629F-480F-A479-B8F5715B8B58}"
EndProject
Project("{FAE04EC0-301F-11D3-BF4B-00C04F79EFBC}") = "Organic.Services.CouponAPI", "Organic.Services.CouponAPI\Organic.Services.CouponAPI.csproj", "{998F7505-1A5C-4E27-9F50-C933F5AF0E25}"
EndProject
Project("{FAE04EC0-301F-11D3-BF4B-00C04F79EFBC}") = "Organic.Web", "Organic.Web\Organic.Web.csproj", "{CBE350B4-652B-4E18-9085-5CD403027EC1}"
EndProject
Project("{FAE04EC0-301F-11D3-BF4B-00C04F79EFBC}") = "Organic.Services.AuthAPI", "Organic.Services.AuthAPI\Organic.Services.AuthAPI.csproj", "{9513DB26-526E-421E-BBA3-72494CBE6635}"
EndProject
Global
	GlobalSection(SolutionConfigurationPlatforms) = preSolution
		Debug|Any CPU = Debug|Any CPU
		Release|Any CPU = Release|Any CPU
	EndGlobalSection
	GlobalSection(ProjectConfigurationPlatforms) = postSolution
		{998F7505-1A5C-4E27-9F50-C933F5AF0E25}.Debug|Any CPU.ActiveCfg = Debug|Any CPU
		{998F7505-1A5C-4E27-9F50-C933F5AF0E25}.Debug|Any CPU.Build.0 = Debug|Any CPU
		{998F7505-1A5C-4E27-9F50-C933F5AF0E25}.Release|Any CPU.ActiveCfg = Release|Any CPU
		{998F7505-1A5C-4E27-9F50-C933F5AF0E25}.Release|Any CPU.Build.0 = Release|Any CPU
		{CBE350B4-652B-4E18-9085-5CD403027EC1}.Debug|Any CPU.ActiveCfg = Debug|Any CPU
		{CBE350B4-652B-4E18-9085-5CD403027EC1}.Debug|Any CPU.Build.0 = Debug|Any CPU
		{CBE350B4-652B-4E18-9085-5CD403027EC1}.Release|Any CPU.ActiveCfg = Release|Any CPU
		{CBE350B4-652B-4E18-9085-5CD403027EC1}.Release|Any CPU.Build.0 = Release|Any CPU
		{9513DB26-526E-421E-BBA3-72494CBE6635}.Debug|Any CPU.ActiveCfg = Debug|Any CPU
		{9513DB26-526E-421E-BBA3-72494CBE6635}.Debug|Any CPU.Build.0 = Debug|Any CPU
		{9513DB26-526E-421E-BBA3-72494CBE6635}.Release|Any CPU.ActiveCfg = Release|Any CPU
		{9513DB26-526E-421E-BBA3-72494CBE6635}.Release|Any CPU.Build.0 = Release|Any CPU
	EndGlobalSection
	GlobalSection(SolutionProperties) = preSolution
		HideSolutionNode = FALSE
	EndGlobalSection
	GlobalSection(NestedProjects) = preSolution
		{998F7505-1A5C-4E27-9F50-C933F5AF0E25} = {BE18AEFC-629F-480F-A479-B8F5715B8B58}
		{CBE350B4-652B-4E18-9085-5CD403027EC1} = {D001113A-6532-498B-97B9-19454543AD11}
		{9513DB26-526E-421E-BBA3-72494CBE6635} = {BE18AEFC-629F-480F-A479-B8F5715B8B58}
	EndGlobalSection
EndGlobal
